
Microsoft Visual Studio Solution File, Format Version 12.00
# Visual Studio Version 17
VisualStudioVersion = 17.14.36212.18
MinimumVisualStudioVersion = 10.0.40219.1
Project("{FAE04EC0-301F-11D3-BF4B-00C04F79EFBC}") = "EmployeeProject", "EmployeeProject\EmployeeProject.csproj", "{3007C607-F39B-4D7E-874F-96691E5232A6}"
EndProject
Project("{FAE04EC0-301F-11D3-BF4B-00C04F79EFBC}") = "EmployeeUI", "EmployeeUI\EmployeeUI.csproj", "{EDF994F2-2325-4C74-9C00-6D2181B8C0FE}"
EndProject
Global
	GlobalSection(SolutionConfigurationPlatforms) = preSolution
		Debug|Any CPU = Debug|Any CPU
		Release|Any CPU = Release|Any CPU
	EndGlobalSection
	GlobalSection(ProjectConfigurationPlatforms) = postSolution
		{3007C607-F39B-4D7E-874F-96691E5232A6}.Debug|Any CPU.ActiveCfg = Debug|Any CPU
		{3007C607-F39B-4D7E-874F-96691E5232A6}.Debug|Any CPU.Build.0 = Debug|Any CPU
		{3007C607-F39B-4D7E-874F-96691E5232A6}.Release|Any CPU.ActiveCfg = Release|Any CPU
		{3007C607-F39B-4D7E-874F-96691E5232A6}.Release|Any CPU.Build.0 = Release|Any CPU
		{EDF994F2-2325-4C74-9C00-6D2181B8C0FE}.Debug|Any CPU.ActiveCfg = Debug|Any CPU
		{EDF994F2-2325-4C74-9C00-6D2181B8C0FE}.Debug|Any CPU.Build.0 = Debug|Any CPU
		{EDF994F2-2325-4C74-9C00-6D2181B8C0FE}.Release|Any CPU.ActiveCfg = Release|Any CPU
		{EDF994F2-2325-4C74-9C00-6D2181B8C0FE}.Release|Any CPU.Build.0 = Release|Any CPU
	EndGlobalSection
	GlobalSection(SolutionProperties) = preSolution
		HideSolutionNode = FALSE
	EndGlobalSection
	GlobalSection(ExtensibilityGlobals) = postSolution
		SolutionGuid = {97DD72C8-D8B5-4977-B3A5-BCF9834F6C12}
	EndGlobalSection
EndGlobal
